PODS:
  - facebook_app_events (0.20.0):
    - FBSDKCoreKit (~> 18.0)
    - Flutter
  - FBAEMKit (18.0.3):
    - FBSDKCoreKit_Basics (= 18.0.3)
  - FBSDKCoreKit (18.0.3):
    - FBAEMKit (= 18.0.3)
    - FBSDKCoreKit_Basics (= 18.0.3)
  - FBSDKCoreKit_Basics (18.0.3)
  - Flutter (1.0.0)
  - flutter_local_notifications (0.0.1):
    - Flutter
  - PostHog (3.57.5)
  - posthog_flutter (0.0.1):
    - Flutter
    - FlutterMacOS
    - PostHog (~> 3.22)
  - purchases_flutter (10.1.1):
    - Flutter
    - PurchasesHybridCommon (= 18.7.0)
  - purchases_ui_flutter (10.1.1):
    - Flutter
    - PurchasesHybridCommonUI (= 18.7.0)
  - PurchasesHybridCommon (18.7.0):
    - RevenueCat (= 5.73.0)
  - PurchasesHybridCommonUI (18.7.0):
    - PurchasesHybridCommon (= 18.7.0)
    - RevenueCatUI (= 5.73.0)
  - RevenueCat (5.73.0)
  - RevenueCatUI (5.73.0):
    - RevenueCat (= 5.73.0)
  - shared_preferences_foundation (0.0.1):
    - Flutter
    - FlutterMacOS
  - url_launcher_ios (0.0.1):
    - Flutter

DEPENDENCIES:
  - facebook_app_events (from `.symlinks/plugins/facebook_app_events/ios`)
  - Flutter (from `Flutter`)
  - flutter_local_notifications (from `.symlinks/plugins/flutter_local_notifications/ios`)
  - posthog_flutter (from `.symlinks/plugins/posthog_flutter/ios`)
  - purchases_flutter (from `.symlinks/plugins/purchases_flutter/ios`)
  - purchases_ui_flutter (from `.symlinks/plugins/purchases_ui_flutter/ios`)
  - shared_preferences_foundation (from `.symlinks/plugins/shared_preferences_foundation/darwin`)
  - url_launcher_ios (from `.symlinks/plugins/url_launcher_ios/ios`)

SPEC REPOS:
  trunk:
    - FBAEMKit
    - FBSDKCoreKit
    - FBSDKCoreKit_Basics
    - PostHog
    - PurchasesHybridCommon
    - PurchasesHybridCommonUI
    - RevenueCat
    - RevenueCatUI

EXTERNAL SOURCES:
  facebook_app_events:
    :path: ".symlinks/plugins/facebook_app_events/ios"
  Flutter:
    :path: Flutter
  flutter_local_notifications:
    :path: ".symlinks/plugins/flutter_local_notifications/ios"
  posthog_flutter:
    :path: ".symlinks/plugins/posthog_flutter/ios"
  purchases_flutter:
    :path: ".symlinks/plugins/purchases_flutter/ios"
  purchases_ui_flutter:
    :path: ".symlinks/plugins/purchases_ui_flutter/ios"
  shared_preferences_foundation:
    :path: ".symlinks/plugins/shared_preferences_foundation/darwin"
  url_launcher_ios:
    :path: ".symlinks/plugins/url_launcher_ios/ios"

SPEC CHECKSUMS:
  facebook_app_events: cfa07e73912a052992b5f218f79a19a66a99bf1a
  FBAEMKit: 2a6b529993713c185b02bc36f8c91129bf78dfb0
  FBSDKCoreKit: 65d7f7a7d6fcc3aa6eb6e093ec737a4184fc6049
  FBSDKCoreKit_Basics: 7bc9d8fde8f70985fba2ed7c1d07e319f969a991
  Flutter: cabc95a1d2626b1b06e7179b784ebcf0c0cde467
  flutter_local_notifications: ad39620c743ea4c15127860f4b5641649a988100
  PostHog: 0d805eed9414eb489290c8ea82f99102371bc277
  posthog_flutter: 631ab870f7daf1ed190deeb2414eb3e347445f37
  purchases_flutter: 5ca66464088136b9338d1024558a78016cf42b5f
  purchases_ui_flutter: 01f075a9e00924a6a9f023c2683791dcd1088ca8
  PurchasesHybridCommon: 90419d67c688e485c84da8d1864f9663a198751a
  PurchasesHybridCommonUI: 06b7bb9aa692304a7963cdb3da3ae3e4e62c8530
  RevenueCat: 3210d4f19cef963a1422f38e424fc599e2f0f7c6
  RevenueCatUI: 9d4b42ef59ec37d61f5fbff36495148097a5a911
  shared_preferences_foundation: 7036424c3d8ec98dfe75ff1667cb0cd531ec82bb
  url_launcher_ios: 7a95fa5b60cc718a708b8f2966718e93db0cef1b

PODFILE CHECKSUM: 0b4ba5564ac4cf5ad9b4655756a67ef3dfdaeb8b

COCOAPODS: 1.16.2
